
Microsoft Visual Studio Solution File, Format Version 12.00
# Visual Studio 2012
Project("{FAE04EC0-301F-11D3-BF4B-00C04F79EFBC}") = "MultiIdioma", "MultiIdioma\MultiIdioma.csproj", "{FDB1E170-12BD-4971-9854-4423973906B1}"
EndProject
Project("{2150E333-8FDC-42A3-9474-1A3956D46DE8}") = ".nuget", ".nuget", "{A827FEF1-869E-4799-8ACE-0AE14E449CBC}"
	ProjectSection(SolutionItems) = preProject
		.nuget\NuGet.Config = .nuget\NuGet.Config
		.nuget\NuGet.exe = .nuget\NuGet.exe
		.nuget\NuGet.targets = .nuget\NuGet.targets
	EndProjectSection
EndProject
Global
	GlobalSection(SolutionConfigurationPlatforms) = preSolution
		Debug|Any CPU = Debug|Any CPU
		Release|Any CPU = Release|Any CPU
	EndGlobalSection
	GlobalSection(ProjectConfigurationPlatforms) = postSolution
		{FDB1E170-12BD-4971-9854-4423973906B1}.Debug|Any CPU.ActiveCfg = Debug|Any CPU
		{FDB1E170-12BD-4971-9854-4423973906B1}.Debug|Any CPU.Build.0 = Debug|Any CPU
		{FDB1E170-12BD-4971-9854-4423973906B1}.Release|Any CPU.ActiveCfg = Release|Any CPU
		{FDB1E170-12BD-4971-9854-4423973906B1}.Release|Any CPU.Build.0 = Release|Any CPU
	EndGlobalSection
	GlobalSection(SolutionProperties) = preSolution
		HideSolutionNode = FALSE
	EndGlobalSection
EndGlobal
